
Microsoft Visual Studio Solution File, Format Version 12.00
# Visual Studio Version 17
VisualStudioVersion = 17.0.31903.59
MinimumVisualStudioVersion = 10.0.40219.1
Project("{2150E333-8FDC-42A3-9474-1A3956D46DE8}") = "src", "src", "{827E0CD3-B72D-47B6-A68D-7590B98EB39B}"
EndProject
Project("{FAE04EC0-301F-11D3-BF4B-00C04F79EFBC}") = "IdentityServer", "src\IdentityServer\IdentityServer.csproj", "{4BFA8CB9-FAEE-4519-8129-01999967355D}"
EndProject
Project("{FAE04EC0-301F-11D3-BF4B-00C04F79EFBC}") = "Api", "src\Api\Api.csproj", "{7810C717-CE40-4CA1-B96C-53AAA533BE20}"
EndProject
Project("{FAE04EC0-301F-11D3-BF4B-00C04F79EFBC}") = "Client", "src\Client\Client.csproj", "{646EB0F0-1A53-4EAE-9D23-75C9941B706E}"
EndProject
Global
	GlobalSection(SolutionConfigurationPlatforms) = preSolution
		Debug|Any CPU = Debug|Any CPU
		Debug|x64 = Debug|x64
		Debug|x86 = Debug|x86
		Release|Any CPU = Release|Any CPU
		Release|x64 = Release|x64
		Release|x86 = Release|x86
	EndGlobalSection
	GlobalSection(ProjectConfigurationPlatforms) = postSolution
		{4BFA8CB9-FAEE-4519-8129-01999967355D}.Debug|Any CPU.ActiveCfg = Debug|Any CPU
		{4BFA8CB9-FAEE-4519-8129-01999967355D}.Debug|Any CPU.Build.0 = Debug|Any CPU
		{4BFA8CB9-FAEE-4519-8129-01999967355D}.Debug|x64.ActiveCfg = Debug|Any CPU
		{4BFA8CB9-FAEE-4519-8129-01999967355D}.Debug|x64.Build.0 = Debug|Any CPU
		{4BFA8CB9-FAEE-4519-8129-01999967355D}.Debug|x86.ActiveCfg = Debug|Any CPU
		{4BFA8CB9-FAEE-4519-8129-01999967355D}.Debug|x86.Build.0 = Debug|Any CPU
		{4BFA8CB9-FAEE-4519-8129-01999967355D}.Release|Any CPU.ActiveCfg = Release|Any CPU
		{4BFA8CB9-FAEE-4519-8129-01999967355D}.Release|Any CPU.Build.0 = Release|Any CPU
		{4BFA8CB9-FAEE-4519-8129-01999967355D}.Release|x64.ActiveCfg = Release|Any CPU
		{4BFA8CB9-FAEE-4519-8129-01999967355D}.Release|x64.Build.0 = Release|Any CPU
		{4BFA8CB9-FAEE-4519-8129-01999967355D}.Release|x86.ActiveCfg = Release|Any CPU
		{4BFA8CB9-FAEE-4519-8129-01999967355D}.Release|x86.Build.0 = Release|Any CPU
		{7810C717-CE40-4CA1-B96C-53AAA533BE20}.Debug|Any CPU.ActiveCfg = Debug|Any CPU
		{7810C717-CE40-4CA1-B96C-53AAA533BE20}.Debug|Any CPU.Build.0 = Debug|Any CPU
		{7810C717-CE40-4CA1-B96C-53AAA533BE20}.Debug|x64.ActiveCfg = Debug|Any CPU
		{7810C717-CE40-4CA1-B96C-53AAA533BE20}.Debug|x64.Build.0 = Debug|Any CPU
		{7810C717-CE40-4CA1-B96C-53AAA533BE20}.Debug|x86.ActiveCfg = Debug|Any CPU
		{7810C717-CE40-4CA1-B96C-53AAA533BE20}.Debug|x86.Build.0 = Debug|Any CPU
		{7810C717-CE40-4CA1-B96C-53AAA533BE20}.Release|Any CPU.ActiveCfg = Release|Any CPU
		{7810C717-CE40-4CA1-B96C-53AAA533BE20}.Release|Any CPU.Build.0 = Release|Any CPU
		{7810C717-CE40-4CA1-B96C-53AAA533BE20}.Release|x64.ActiveCfg = Release|Any CPU
		{7810C717-CE40-4CA1-B96C-53AAA533BE20}.Release|x64.Build.0 = Release|Any CPU
		{7810C717-CE40-4CA1-B96C-53AAA533BE20}.Release|x86.ActiveCfg = Release|Any CPU
		{7810C717-CE40-4CA1-B96C-53AAA533BE20}.Release|x86.Build.0 = Release|Any CPU
		{646EB0F0-1A53-4EAE-9D23-75C9941B706E}.Debug|Any CPU.ActiveCfg = Debug|Any CPU
		{646EB0F0-1A53-4EAE-9D23-75C9941B706E}.Debug|Any CPU.Build.0 = Debug|Any CPU
		{646EB0F0-1A53-4EAE-9D23-75C9941B706E}.Debug|x64.ActiveCfg = Debug|Any CPU
		{646EB0F0-1A53-4EAE-9D23-75C9941B706E}.Debug|x64.Build.0 = Debug|Any CPU
		{646EB0F0-1A53-4EAE-9D23-75C9941B706E}.Debug|x86.ActiveCfg = Debug|Any CPU
		{646EB0F0-1A53-4EAE-9D23-75C9941B706E}.Debug|x86.Build.0 = Debug|Any CPU
		{646EB0F0-1A53-4EAE-9D23-75C9941B706E}.Release|Any CPU.ActiveCfg = Release|Any CPU
		{646EB0F0-1A53-4EAE-9D23-75C9941B706E}.Release|Any CPU.Build.0 = Release|Any CPU
		{646EB0F0-1A53-4EAE-9D23-75C9941B706E}.Release|x64.ActiveCfg = Release|Any CPU
		{646EB0F0-1A53-4EAE-9D23-75C9941B706E}.Release|x64.Build.0 = Release|Any CPU
		{646EB0F0-1A53-4EAE-9D23-75C9941B706E}.Release|x86.ActiveCfg = Release|Any CPU
		{646EB0F0-1A53-4EAE-9D23-75C9941B706E}.Release|x86.Build.0 = Release|Any CPU
	EndGlobalSection
	GlobalSection(SolutionProperties) = preSolution
		HideSolutionNode = FALSE
	EndGlobalSection
	GlobalSection(NestedProjects) = preSolution
		{4BFA8CB9-FAEE-4519-8129-01999967355D} = {827E0CD3-B72D-47B6-A68D-7590B98EB39B}
		{7810C717-CE40-4CA1-B96C-53AAA533BE20} = {827E0CD3-B72D-47B6-A68D-7590B98EB39B}
		{646EB0F0-1A53-4EAE-9D23-75C9941B706E} = {827E0CD3-B72D-47B6-A68D-7590B98EB39B}
	EndGlobalSection
EndGlobal
